Microsoft Visual Studio Solution File, Format Version 12.00
# Visual Studio Version 18
VisualStudioVersion = 18.3.11505.172 d18.3
MinimumVisualStudioVersion = 10.0.40219.1
Project("{FAE04EC0-301F-11D3-BF4B-00C04F79EFBC}") = "TensionDev.UUID.Serialization.JsonNet", "TensionDev.UUID.Serialization.JsonNet\TensionDev.UUID.Serialization.JsonNet.csproj", "{EB9DE634-1BD3-94ED-67A5-716D96836CD5}"
EndProject
Project("{FAE04EC0-301F-11D3-BF4B-00C04F79EFBC}") = "TensionDev.UUID.Serialization.JsonNet.Tests", "TensionDev.UUID.Serialization.JsonNet.Tests\TensionDev.UUID.Serialization.JsonNet.Tests.csproj", "{4320C58F-7522-E41C-CF00-806882AE47D0}"
EndProject
Global
	GlobalSection(SolutionConfigurationPlatforms) = preSolution
		Debug|Any CPU = Debug|Any CPU
		Release|Any CPU = Release|Any CPU
	EndGlobalSection
	GlobalSection(ProjectConfigurationPlatforms) = postSolution
		{EB9DE634-1BD3-94ED-67A5-716D96836CD5}.Debug|Any CPU.ActiveCfg = Debug|Any CPU
		{EB9DE634-1BD3-94ED-67A5-716D96836CD5}.Debug|Any CPU.Build.0 = Debug|Any CPU
		{EB9DE634-1BD3-94ED-67A5-716D96836CD5}.Release|Any CPU.ActiveCfg = Release|Any CPU
		{EB9DE634-1BD3-94ED-67A5-716D96836CD5}.Release|Any CPU.Build.0 = Release|Any CPU
		{4320C58F-7522-E41C-CF00-806882AE47D0}.Debug|Any CPU.ActiveCfg = Debug|Any CPU
		{4320C58F-7522-E41C-CF00-806882AE47D0}.Debug|Any CPU.Build.0 = Debug|Any CPU
		{4320C58F-7522-E41C-CF00-806882AE47D0}.Release|Any CPU.ActiveCfg = Release|Any CPU
		{4320C58F-7522-E41C-CF00-806882AE47D0}.Release|Any CPU.Build.0 = Release|Any CPU
	EndGlobalSection
	GlobalSection(SolutionProperties) = preSolution
		HideSolutionNode = FALSE
	EndGlobalSection
EndGlobal
